
Microsoft Visual Studio Solution File, Format Version 12.00
# Visual Studio Version 17
VisualStudioVersion = 17.6.33829.357
MinimumVisualStudioVersion = 10.0.40219.1
Project("{FAE04EC0-301F-11D3-BF4B-00C04F79EFBC}") = "Wisdom.WPF_Pure", "Wisdom.WPF_Pure\Wisdom.WPF_Pure.csproj", "{DD206D82-8877-4647-9AD3-0DBA2B23A799}"
EndProject
Global
	GlobalSection(SolutionConfigurationPlatforms) = preSolution
		Debug|Any CPU = Debug|Any CPU
		Release|Any CPU = Release|Any CPU
	EndGlobalSection
	GlobalSection(ProjectConfigurationPlatforms) = postSolution
		{DD206D82-8877-4647-9AD3-0DBA2B23A799}.Debug|Any CPU.ActiveCfg = Debug|Any CPU
		{DD206D82-8877-4647-9AD3-0DBA2B23A799}.Debug|Any CPU.Build.0 = Debug|Any CPU
		{DD206D82-8877-4647-9AD3-0DBA2B23A799}.Release|Any CPU.ActiveCfg = Release|Any CPU
		{DD206D82-8877-4647-9AD3-0DBA2B23A799}.Release|Any CPU.Build.0 = Release|Any CPU
	EndGlobalSection
	GlobalSection(SolutionProperties) = preSolution
		HideSolutionNode = FALSE
	EndGlobalSection
	GlobalSection(ExtensibilityGlobals) = postSolution
		SolutionGuid = {ADBA0EF1-5469-4F05-855C-04B7EB783CB9}
	EndGlobalSection
EndGlobal
